
Microsoft Visual Studio Solution File, Format Version 12.00
Project("{FAE04EC0-301F-11D3-BF4B-00C04F79EFBC}") = "HttpRemoteControlServer", "HttpRemoteControlServer\HttpRemoteControlServer.csproj", "{71B4BC21-CF4A-49CC-A70D-C73F9AAC96E4}"
EndProject
Project("{FAE04EC0-301F-11D3-BF4B-00C04F79EFBC}") = "HttpRemoteControl.Library", "HttpRemoteControl.Library\HttpRemoteControl.Library.csproj", "{6C816FA7-578A-4DDD-A2B5-1B54D6DCF8E6}"
EndProject
Global
	GlobalSection(SolutionConfigurationPlatforms) = preSolution
		Debug|Any CPU = Debug|Any CPU
		Release|Any CPU = Release|Any CPU
	EndGlobalSection
	GlobalSection(ProjectConfigurationPlatforms) = postSolution
		{71B4BC21-CF4A-49CC-A70D-C73F9AAC96E4}.Debug|Any CPU.ActiveCfg = Debug|Any CPU
		{71B4BC21-CF4A-49CC-A70D-C73F9AAC96E4}.Debug|Any CPU.Build.0 = Debug|Any CPU
		{71B4BC21-CF4A-49CC-A70D-C73F9AAC96E4}.Release|Any CPU.ActiveCfg = Release|Any CPU
		{71B4BC21-CF4A-49CC-A70D-C73F9AAC96E4}.Release|Any CPU.Build.0 = Release|Any CPU
		{6C816FA7-578A-4DDD-A2B5-1B54D6DCF8E6}.Debug|Any CPU.ActiveCfg = Debug|Any CPU
		{6C816FA7-578A-4DDD-A2B5-1B54D6DCF8E6}.Debug|Any CPU.Build.0 = Debug|Any CPU
		{6C816FA7-578A-4DDD-A2B5-1B54D6DCF8E6}.Release|Any CPU.ActiveCfg = Release|Any CPU
		{6C816FA7-578A-4DDD-A2B5-1B54D6DCF8E6}.Release|Any CPU.Build.0 = Release|Any CPU
	EndGlobalSection
EndGlobal
